// !$*UTF8*$!
{
	archiveVersion = 1;
	classes = {
	};
	objectVersion = 46;
	objects = {

/* Begin PBXBuildFile section */
		322369271EC38BD10075DE56 /* AppDelegate.swift in Sources */ = {isa = PBXBuildFile; fileRef = 322369261EC38BD10075DE56 /* AppDelegate.swift */; };
		322369291EC38BD10075DE56 /* ViewController.swift in Sources */ = {isa = PBXBuildFile; fileRef = 322369281EC38BD10075DE56 /* ViewController.swift */; };
		3223692C1EC38BD10075DE56 /* Main.storyboard in Resources */ = {isa = PBXBuildFile; fileRef = 3223692A1EC38BD10075DE56 /* Main.storyboard */; };
		3223692E1EC38BD10075DE56 /* Assets.xcassets in Resources */ = {isa = PBXBuildFile; fileRef = 3223692D1EC38BD10075DE56 /* Assets.xcassets */; };
		322369311EC38BD10075DE56 /* LaunchScreen.storyboard in Resources */ = {isa = PBXBuildFile; fileRef = 3223692F1EC38BD10075DE56 /* LaunchScreen.storyboard */; };
		3223693A1EC38C470075DE56 /* libsqlite3.tbd in Frameworks */ = {isa = PBXBuildFile; fileRef = 322369391EC38C470075DE56 /* libsqlite3.tbd */; };
		322369471EC38D910075DE56 /* FMDatabase.m in Sources */ = {isa = PBXBuildFile; fileRef = 3223693E1EC38D910075DE56 /* FMDatabase.m */; };
		322369481EC38D910075DE56 /* FMResultSet.m in Sources */ = {isa = PBXBuildFile; fileRef = 322369401EC38D910075DE56 /* FMResultSet.m */; };
		322369491EC38D910075DE56 /* FMDatabaseQueue.m in Sources */ = {isa = PBXBuildFile; fileRef = 322369421EC38D910075DE56 /* FMDatabaseQueue.m */; };
		3223694A1EC38D910075DE56 /* FMDatabaseAdditions.m in Sources */ = {isa = PBXBuildFile; fileRef = 322369441EC38D910075DE56 /* FMDatabaseAdditions.m */; };
		3223694B1EC38D910075DE56 /* FMDatabasePool.m in Sources */ = {isa = PBXBuildFile; fileRef = 322369461EC38D910075DE56 /* FMDatabasePool.m */; };
		3223694F1EC3A2A80075DE56 /* infoTableViewController.swift in Sources */ = {isa = PBXBuildFile; fileRef = 3223694E1EC3A2A80075DE56 /* infoTableViewController.swift */; };
		322369511EC3A6B60075DE56 /* infoTableViewCell.swift in Sources */ = {isa = PBXBuildFile; fileRef = 322369501EC3A6B60075DE56 /* infoTableViewCell.swift */; };
		322369551EC3D5DD0075DE56 /* DBManager.swift in Sources */ = {isa = PBXBuildFile; fileRef = 322369541EC3D5DD0075DE56 /* DBManager.swift */; };
/* End PBXBuildFile section */

/* Begin PBXFileReference section */
		322369231EC38BD10075DE56 /* SqliteFMDB.app */ = {isa = PBXFileReference; explicitFileType = wrapper.application; includeInIndex = 0; path = SqliteFMDB.app; sourceTree = BUILT_PRODUCTS_DIR; };
		322369261EC38BD10075DE56 /* AppDelegate.swift */ = {isa = PBXFileReference; lastKnownFileType = sourcecode.swift; path = AppDelegate.swift; sourceTree = "<group>"; };
		322369281EC38BD10075DE56 /* ViewController.swift */ = {isa = PBXFileReference; lastKnownFileType = sourcecode.swift; path = ViewController.swift; sourceTree = "<group>"; };
		3223692B1EC38BD10075DE56 /* Base */ = {isa = PBXFileReference; lastKnownFileType = file.storyboard; name = Base; path = Base.lproj/Main.storyboard; sourceTree = "<group>"; };
		3223692D1EC38BD10075DE56 /* Assets.xcassets */ = {isa = PBXFileReference; lastKnownFileType = folder.assetcatalog; path = Assets.xcassets; sourceTree = "<group>"; };
		322369301EC38BD10075DE56 /* Base */ = {isa = PBXFileReference; lastKnownFileType = file.storyboard; name = Base; path = Base.lproj/LaunchScreen.storyboard; sourceTree = "<group>"; };
		322369321EC38BD10075DE56 /* Info.plist */ = {isa = PBXFileReference; lastKnownFileType = text.plist.xml; path = Info.plist; sourceTree = "<group>"; };
		322369391EC38C470075DE56 /* libsqlite3.tbd */ = {isa = PBXFileReference; lastKnownFileType = "sourcecode.text-based-dylib-definition"; name = libsqlite3.tbd; path = usr/lib/libsqlite3.tbd; sourceTree = SDKROOT; };
		3223693B1EC38D910075DE56 /* SqliteFMDB-Bridging-Header.h */ = {isa = PBXFileReference; lastKnownFileType = sourcecode.c.h; path = "SqliteFMDB-Bridging-Header.h"; sourceTree = "<group>"; };
		3223693C1EC38D910075DE56 /* FMDB.h */ = {isa = PBXFileReference; fileEncoding = 4; lastKnownFileType = sourcecode.c.h; path = FMDB.h; sourceTree = "<group>"; };
		3223693D1EC38D910075DE56 /* FMDatabase.h */ = {isa = PBXFileReference; fileEncoding = 4; lastKnownFileType = sourcecode.c.h; path = FMDatabase.h; sourceTree = "<group>"; };
		3223693E1EC38D910075DE56 /* FMDatabase.m */ = {isa = PBXFileReference; fileEncoding = 4; lastKnownFileType = sourcecode.c.objc; path = FMDatabase.m; sourceTree = "<group>"; };
		3223693F1EC38D910075DE56 /* FMResultSet.h */ = {isa = PBXFileReference; fileEncoding = 4; lastKnownFileType = sourcecode.c.h; path = FMResultSet.h; sourceTree = "<group>"; };
		322369401EC38D910075DE56 /* FMResultSet.m */ = {isa = PBXFileReference; fileEncoding = 4; lastKnownFileType = sourcecode.c.objc; path = FMResultSet.m; sourceTree = "<group>"; };
		322369411EC38D910075DE56 /* FMDatabaseQueue.h */ = {isa = PBXFileReference; fileEncoding = 4; lastKnownFileType = sourcecode.c.h; path = FMDatabaseQueue.h; sourceTree = "<group>"; };
		322369421EC38D910075DE56 /* FMDatabaseQueue.m */ = {isa = PBXFileReference; fileEncoding = 4; lastKnownFileType = sourcecode.c.objc; path = FMDatabaseQueue.m; sourceTree = "<group>"; };
		322369431EC38D910075DE56 /* FMDatabaseAdditions.h */ = {isa = PBXFileReference; fileEncoding = 4; lastKnownFileType = sourcecode.c.h; path = FMDatabaseAdditions.h; sourceTree = "<group>"; };
		322369441EC38D910075DE56 /* FMDatabaseAdditions.m */ = {isa = PBXFileReference; fileEncoding = 4; lastKnownFileType = sourcecode.c.objc; path = FMDatabaseAdditions.m; sourceTree = "<group>"; };
		322369451EC38D910075DE56 /* FMDatabasePool.h */ = {isa = PBXFileReference; fileEncoding = 4; lastKnownFileType = sourcecode.c.h; path = FMDatabasePool.h; sourceTree = "<group>"; };
		322369461EC38D910075DE56 /* FMDatabasePool.m */ = {isa = PBXFileReference; fileEncoding = 4; lastKnownFileType = sourcecode.c.objc; path = FMDatabasePool.m; sourceTree = "<group>"; };
		3223694E1EC3A2A80075DE56 /* infoTableViewController.swift */ = {isa = PBXFileReference; fileEncoding = 4; lastKnownFileType = sourcecode.swift; name = infoTableViewController.swift; path = ../infoTableViewController.swift; sourceTree = "<group>"; };
		322369501EC3A6B60075DE56 /* infoTableViewCell.swift */ = {isa = PBXFileReference; fileEncoding = 4; lastKnownFileType = sourcecode.swift; name = infoTableViewCell.swift; path = ../infoTableViewCell.swift; sourceTree = "<group>"; };
		322369541EC3D5DD0075DE56 /* DBManager.swift */ = {isa = PBXFileReference; fileEncoding = 4; lastKnownFileType = sourcecode.swift; name = DBManager.swift; path = ../DBManager.swift; sourceTree = "<group>"; };
/* End PBXFileReference section */

/* Begin PBXFrameworksBuildPhase section */
		322369201EC38BD10075DE56 /* Frameworks */ = {
			isa = PBXFrameworksBuildPhase;
			buildActionMask = 2147483647;
			files = (
				3223693A1EC38C470075DE56 /* libsqlite3.tbd in Frameworks */,
			);
			runOnlyForDeploymentPostprocessing = 0;
		};
/* End PBXFrameworksBuildPhase section */

/* Begin PBXGroup section */
		3223691A1EC38BD10075DE56 = {
			isa = PBXGroup;
			children = (
				322369251EC38BD10075DE56 /* SqliteFMDB */,
				322369241EC38BD10075DE56 /* Products */,
				322369381EC38C470075DE56 /* Frameworks */,
			);
			sourceTree = "<group>";
		};
		322369241EC38BD10075DE56 /* Products */ = {
			isa = PBXGroup;
			children = (
				322369231EC38BD10075DE56 /* SqliteFMDB.app */,
			);
			name = Products;
			sourceTree = "<group>";
		};
		322369251EC38BD10075DE56 /* SqliteFMDB */ = {
			isa = PBXGroup;
			children = (
				322369261EC38BD10075DE56 /* AppDelegate.swift */,
				322369281EC38BD10075DE56 /* ViewController.swift */,
				3223694E1EC3A2A80075DE56 /* infoTableViewController.swift */,
				322369501EC3A6B60075DE56 /* infoTableViewCell.swift */,
				322369541EC3D5DD0075DE56 /* DBManager.swift */,
				3223692A1EC38BD10075DE56 /* Main.storyboard */,
				3223692D1EC38BD10075DE56 /* Assets.xcassets */,
				3223692F1EC38BD10075DE56 /* LaunchScreen.storyboard */,
				322369321EC38BD10075DE56 /* Info.plist */,
				3223694D1EC38DB50075DE56 /* FMDB */,
				3223693B1EC38D910075DE56 /* SqliteFMDB-Bridging-Header.h */,
			);
			path = SqliteFMDB;
			sourceTree = "<group>";
		};
		322369381EC38C470075DE56 /* Frameworks */ = {
			isa = PBXGroup;
			children = (
				322369391EC38C470075DE56 /* libsqlite3.tbd */,
			);
			name = Frameworks;
			sourceTree = "<group>";
		};
		3223694D1EC38DB50075DE56 /* FMDB */ = {
			isa = PBXGroup;
			children = (
				3223693C1EC38D910075DE56 /* FMDB.h */,
				3223693D1EC38D910075DE56 /* FMDatabase.h */,
				3223693E1EC38D910075DE56 /* FMDatabase.m */,
				3223693F1EC38D910075DE56 /* FMResultSet.h */,
				322369401EC38D910075DE56 /* FMResultSet.m */,
				322369411EC38D910075DE56 /* FMDatabaseQueue.h */,
				322369421EC38D910075DE56 /* FMDatabaseQueue.m */,
				322369431EC38D910075DE56 /* FMDatabaseAdditions.h */,
				322369441EC38D910075DE56 /* FMDatabaseAdditions.m */,
				322369451EC38D910075DE56 /* FMDatabasePool.h */,
				322369461EC38D910075DE56 /* FMDatabasePool.m */,
			);
			name = FMDB;
			sourceTree = "<group>";
		};
/* End PBXGroup section */

/* Begin PBXNativeTarget section */
		322369221EC38BD10075DE56 /* SqliteFMDB */ = {
			isa = PBXNativeTarget;
			buildConfigurationList = 322369351EC38BD10075DE56 /* Build configuration list for PBXNativeTarget "SqliteFMDB" */;
			buildPhases = (
				3223691F1EC38BD10075DE56 /* Sources */,
				322369201EC38BD10075DE56 /* Frameworks */,
				322369211EC38BD10075DE56 /* Resources */,
			);
			buildRules = (
			);
			dependencies = (
			);
			name = SqliteFMDB;
			productName = SqliteFMDB;
			productReference = 322369231EC38BD10075DE56 /* SqliteFMDB.app */;
			productType = "com.apple.product-type.application";
		};
/* End PBXNativeTarget section */

/* Begin PBXProject section */
		3223691B1EC38BD10075DE56 /* Project object */ = {
			isa = PBXProject;
			attributes = {
				LastSwiftUpdateCheck = 0830;
				LastUpgradeCheck = 0830;
				ORGANIZATIONNAME = "Sriteja Thuraka";
				TargetAttributes = {
					322369221EC38BD10075DE56 = {
						CreatedOnToolsVersion = 8.3.2;
						DevelopmentTeam = 37B3DTEVW5;
						LastSwiftMigration = 0830;
						ProvisioningStyle = Automatic;
					};
				};
			};
			buildConfigurationList = 3223691E1EC38BD10075DE56 /* Build configuration list for PBXProject "SqliteFMDB" */;
			compatibilityVersion = "Xcode 3.2";
			developmentRegion = English;
			hasScannedForEncodings = 0;
			knownRegions = (
				en,
				Base,
			);
			mainGroup = 3223691A1EC38BD10075DE56;
			productRefGroup = 322369241EC38BD10075DE56 /* Products */;
			projectDirPath = "";
			projectRoot = "";
			targets = (
				322369221EC38BD10075DE56 /* SqliteFMDB */,
			);
		};
/* End PBXProject section */

/* Begin PBXResourcesBuildPhase section */
		322369211EC38BD10075DE56 /* Resources */ = {
			isa = PBXResourcesBuildPhase;
			buildActionMask = 2147483647;
			files = (
				322369311EC38BD10075DE56 /* LaunchScreen.storyboard in Resources */,
				3223692E1EC38BD10075DE56 /* Assets.xcassets in Resources */,
				3223692C1EC38BD10075DE56 /* Main.storyboard in Resources */,
			);
			runOnlyForDeploymentPostprocessing = 0;
		};
/* End PBXResourcesBuildPhase section */

/* Begin PBXSourcesBuildPhase section */
		3223691F1EC38BD10075DE56 /* Sources */ = {
			isa = PBXSourcesBuildPhase;
			buildActionMask = 2147483647;
			files = (
				322369491EC38D910075DE56 /* FMDatabaseQueue.m in Sources */,
				322369471EC38D910075DE56 /* FMDatabase.m in Sources */,
				322369291EC38BD10075DE56 /* ViewController.swift in Sources */,
				3223694F1EC3A2A80075DE56 /* infoTableViewController.swift in Sources */,
				322369481EC38D910075DE56 /* FMResultSet.m in Sources */,
				322369511EC3A6B60075DE56 /* infoTableViewCell.swift in Sources */,
				3223694B1EC38D910075DE56 /* FMDatabasePool.m in Sources */,
				322369271EC38BD10075DE56 /* AppDelegate.swift in Sources */,
				3223694A1EC38D910075DE56 /* FMDatabaseAdditions.m in Sources */,
				322369551EC3D5DD0075DE56 /* DBManager.swift in Sources */,
			);
			runOnlyForDeploymentPostprocessing = 0;
		};
/* End PBXSourcesBuildPhase section */

/* Begin PBXVariantGroup section */
		3223692A1EC38BD10075DE56 /* Main.storyboard */ = {
			isa = PBXVariantGroup;
			children = (
				3223692B1EC38BD10075DE56 /* Base */,
			);
			name = Main.storyboard;
			sourceTree = "<group>";
		};
		3223692F1EC38BD10075DE56 /* LaunchScreen.storyboard */ = {
			isa = PBXVariantGroup;
			children = (
				322369301EC38BD10075DE56 /* Base */,
			);
			name = LaunchScreen.storyboard;
			sourceTree = "<group>";
		};
/* End PBXVariantGroup section */

/* Begin XCBuildConfiguration section */
		322369331EC38BD10075DE56 /* Debug */ = {
			isa = XCBuildConfiguration;
			buildSettings = {
				ALWAYS_SEARCH_USER_PATHS = NO;
				CLANG_ANALYZER_NONNULL = YES;
				CLANG_ANALYZER_NUMBER_OBJECT_CONVERSION = YES_AGGRESSIVE;
				CLANG_CXX_LANGUAGE_STANDARD = "gnu++0x";
				CLANG_CXX_LIBRARY = "libc++";
				CLANG_ENABLE_MODULES = YES;
				CLANG_ENABLE_OBJC_ARC = YES;
				CLANG_WARN_BOOL_CONVERSION = YES;
				CLANG_WARN_CONSTANT_CONVERSION = YES;
				CLANG_WARN_DIRECT_OBJC_ISA_USAGE = YES_ERROR;
				CLANG_WARN_DOCUMENTATION_COMMENTS = YES;
				CLANG_WARN_EMPTY_BODY = YES;
				CLANG_WARN_ENUM_CONVERSION = YES;
				CLANG_WARN_INFINITE_RECURSION = YES;
				CLANG_WARN_INT_CONVERSION = YES;
				CLANG_WARN_OBJC_ROOT_CLASS = YES_ERROR;
				CLANG_WARN_SUSPICIOUS_MOVE = YES;
				CLANG_WARN_UNREACHABLE_CODE = YES;
				CLANG_WARN__DUPLICATE_METHOD_MATCH = YES;
				"CODE_SIGN_IDENTITY[sdk=iphoneos*]" = "iPhone Developer";
				COPY_PHASE_STRIP = NO;
				DEBUG_INFORMATION_FORMAT = dwarf;
				ENABLE_STRICT_OBJC_MSGSEND = YES;
				ENABLE_TESTABILITY = YES;
				GCC_C_LANGUAGE_STANDARD = gnu99;
				GCC_DYNAMIC_NO_PIC = NO;
				GCC_NO_COMMON_BLOCKS = YES;
				GCC_OPTIMIZATION_LEVEL = 0;
				GCC_PREPROCESSOR_DEFINITIONS = (
					"DEBUG=1",
					"$(inherited)",
				);
				GCC_WARN_64_TO_32_BIT_CONVERSION = YES;
				GCC_WARN_ABOUT_RETURN_TYPE = YES_ERROR;
				GCC_WARN_UNDECLARED_SELECTOR = YES;
				GCC_WARN_UNINITIALIZED_AUTOS = YES_AGGRESSIVE;
				GCC_WARN_UNUSED_FUNCTION = YES;
				GCC_WARN_UNUSED_VARIABLE = YES;
				IPHONEOS_DEPLOYMENT_TARGET = 10.3;
				MTL_ENABLE_DEBUG_INFO = YES;
				ONLY_ACTIVE_ARCH = YES;
				SDKROOT = iphoneos;
				SWIFT_ACTIVE_COMPILATION_CONDITIONS = DEBUG;
				SWIFT_OPTIMIZATION_LEVEL = "-Onone";
			};
			name = Debug;
		};
		322369341EC38BD10075DE56 /* Release */ = {
			isa = XCBuildConfiguration;
			buildSettings = {
				ALWAYS_SEARCH_USER_PATHS = NO;
				CLANG_ANALYZER_NONNULL = YES;
				CLANG_ANALYZER_NUMBER_OBJECT_CONVERSION = YES_AGGRESSIVE;
				CLANG_CXX_LANGUAGE_STANDARD = "gnu++0x";
				CLANG_CXX_LIBRARY = "libc++";
				CLANG_ENABLE_MODULES = YES;
				CLANG_ENABLE_OBJC_ARC = YES;
				CLANG_WARN_BOOL_CONVERSION = YES;
				CLANG_WARN_CONSTANT_CONVERSION = YES;
				CLANG_WARN_DIRECT_OBJC_ISA_USAGE = YES_ERROR;
				CLANG_WARN_DOCUMENTATION_COMMENTS = YES;
				CLANG_WARN_EMPTY_BODY = YES;
				CLANG_WARN_ENUM_CONVERSION = YES;
				CLANG_WARN_INFINITE_RECURSION = YES;
				CLANG_WARN_INT_CONVERSION = YES;
				CLANG_WARN_OBJC_ROOT_CLASS = YES_ERROR;
				CLANG_WARN_SUSPICIOUS_MOVE = YES;
				CLANG_WARN_UNREACHABLE_CODE = YES;
				CLANG_WARN__DUPLICATE_METHOD_MATCH = YES;
				"CODE_SIGN_IDENTITY[sdk=iphoneos*]" = "iPhone Developer";
				COPY_PHASE_STRIP = NO;
				DEBUG_INFORMATION_FORMAT = "dwarf-with-dsym";
				ENABLE_NS_ASSERTIONS = NO;
				ENABLE_STRICT_OBJC_MSGSEND = YES;
				GCC_C_LANGUAGE_STANDARD = gnu99;
				GCC_NO_COMMON_BLOCKS = YES;
				GCC_WARN_64_TO_32_BIT_CONVERSION = YES;
				GCC_WARN_ABOUT_RETURN_TYPE = YES_ERROR;
				GCC_WARN_UNDECLARED_SELECTOR = YES;
				GCC_WARN_UNINITIALIZED_AUTOS = YES_AGGRESSIVE;
				GCC_WARN_UNUSED_FUNCTION = YES;
				GCC_WARN_UNUSED_VARIABLE = YES;
				IPHONEOS_DEPLOYMENT_TARGET = 10.3;
				MTL_ENABLE_DEBUG_INFO = NO;
				SDKROOT = iphoneos;
				SWIFT_OPTIMIZATION_LEVEL = "-Owholemodule";
				VALIDATE_PRODUCT = YES;
			};
			name = Release;
		};
		322369361EC38BD10075DE56 /* Debug */ = {
			isa = XCBuildConfiguration;
			buildSettings = {
				ASSETCATALOG_COMPILER_APPICON_NAME = AppIcon;
				CLANG_ENABLE_MODULES = YES;
				DEVELOPMENT_TEAM = 37B3DTEVW5;
				INFOPLIST_FILE = SqliteFMDB/Info.plist;
				LD_RUNPATH_SEARCH_PATHS = "$(inherited) @executable_path/Frameworks";
				PRODUCT_BUNDLE_IDENTIFIER = com.queues.SqliteFMDB;
				PRODUCT_NAME = "$(TARGET_NAME)";
				SWIFT_OBJC_BRIDGING_HEADER = "SqliteFMDB/SqliteFMDB-Bridging-Header.h";
				SWIFT_OPTIMIZATION_LEVEL = "-Onone";
				SWIFT_VERSION = 3.0;
			};
			name = Debug;
		};
		322369371EC38BD10075DE56 /* Release */ = {
			isa = XCBuildConfiguration;
			buildSettings = {
				ASSETCATALOG_COMPILER_APPICON_NAME = AppIcon;
				CLANG_ENABLE_MODULES = YES;
				DEVELOPMENT_TEAM = 37B3DTEVW5;
				INFOPLIST_FILE = SqliteFMDB/Info.plist;
				LD_RUNPATH_SEARCH_PATHS = "$(inherited) @executable_path/Frameworks";
				PRODUCT_BUNDLE_IDENTIFIER = com.queues.SqliteFMDB;
				PRODUCT_NAME = "$(TARGET_NAME)";
				SWIFT_OBJC_BRIDGING_HEADER = "SqliteFMDB/SqliteFMDB-Bridging-Header.h";
				SWIFT_VERSION = 3.0;
			};
			name = Release;
		};
/* End XCBuildConfiguration section */

/* Begin XCConfigurationList section */
		3223691E1EC38BD10075DE56 /* Build configuration list for PBXProject "SqliteFMDB" */ = {
			isa = XCConfigurationList;
			buildConfigurations = (
				322369331EC38BD10075DE56 /* Debug */,
				322369341EC38BD10075DE56 /* Release */,
			);
			defaultConfigurationIsVisible = 0;
			defaultConfigurationName = Release;
		};
		322369351EC38BD10075DE56 /* Build configuration list for PBXNativeTarget "SqliteFMDB" */ = {
			isa = XCConfigurationList;
			buildConfigurations = (
				322369361EC38BD10075DE56 /* Debug */,
				322369371EC38BD10075DE56 /* Release */,
			);
			defaultConfigurationIsVisible = 0;
		};
/* End XCConfigurationList section */
	};
	rootObject = 3223691B1EC38BD10075DE56 /* Project object */;
}
